
Microsoft Visual Studio Solution File, Format Version 12.00
# Visual Studio Version 17
VisualStudioVersion = 17.10.35122.118
MinimumVisualStudioVersion = 10.0.40219.1
Project("{FAE04EC0-301F-11D3-BF4B-00C04F79EFBC}") = "Task_14_Part_2", "Task_14_Part_2.csproj", "{DBEC72F0-C101-4239-BE35-0CA10BE241B6}"
EndProject
Global
	GlobalSection(SolutionConfigurationPlatforms) = preSolution
		Debug|Any CPU = Debug|Any CPU
		Release|Any CPU = Release|Any CPU
	EndGlobalSection
	GlobalSection(ProjectConfigurationPlatforms) = postSolution
		{DBEC72F0-C101-4239-BE35-0CA10BE241B6}.Debug|Any CPU.ActiveCfg = Debug|Any CPU
		{DBEC72F0-C101-4239-BE35-0CA10BE241B6}.Debug|Any CPU.Build.0 = Debug|Any CPU
		{DBEC72F0-C101-4239-BE35-0CA10BE241B6}.Release|Any CPU.ActiveCfg = Release|Any CPU
		{DBEC72F0-C101-4239-BE35-0CA10BE241B6}.Release|Any CPU.Build.0 = Release|Any CPU
	EndGlobalSection
	GlobalSection(SolutionProperties) = preSolution
		HideSolutionNode = FALSE
	EndGlobalSection
	GlobalSection(ExtensibilityGlobals) = postSolution
		SolutionGuid = {D6A2AB58-3B67-43CB-9173-BFACD38E70BB}
	EndGlobalSection
EndGlobal
